{
  "requires": true,
  "lockfileVersion": 1,
  "dependencies": {
    "the-flex-grid": {
      "version": "1.6.1",
      "resolved": "https://registry.npmjs.org/the-flex-grid/-/the-flex-grid-1.6.1.tgz",
      "integrity": "sha512-0NRrmBlNI90mUsYbKCVb/gQPI+qJNOTqhxpKqOR4wNuICYg7ERPaTpvntxfJrcq/TGuXv8ksY9zNqb+i0DINRQ=="
    }
  }
}
