{
  "requires": true,
  "lockfileVersion": 1,
  "dependencies": {
    "font-awesome": {
      "version": "4.7.0",
      "resolved": "https://registry.npmjs.org/font-awesome/-/font-awesome-4.7.0.tgz",
      "integrity": "sha512-U6kGnykA/6bFmg1M/oT9EkFeIYv7JlX3bozwQJWiiLz6L0w3F5vBVPxHlwyX/vtNq1ckcpRKOB9f2Qal/VtFpg=="
    },
    "the-flex-grid": {
      "version": "1.6.1",
      "resolved": "https://registry.npmjs.org/the-flex-grid/-/the-flex-grid-1.6.1.tgz",
      "integrity": "sha512-0NRrmBlNI90mUsYbKCVb/gQPI+qJNOTqhxpKqOR4wNuICYg7ERPaTpvntxfJrcq/TGuXv8ksY9zNqb+i0DINRQ=="
    }
  }
}
